
Microsoft Visual Studio Solution File, Format Version 12.00
# Visual Studio 2013
VisualStudioVersion = 12.0.40629.0
MinimumVisualStudioVersion = 10.0.40219.1
Project("{FAE04EC0-301F-11D3-BF4B-00C04F79EFBC}") = "SpotifyWebAPI.WebFormTest", "SpotifyWebAPI.WebFormTest\SpotifyWebAPI.WebFormTest.csproj", "{5320BA6A-90AE-4B4B-8315-31AB5B0E5DF9}"
	ProjectSection(ProjectDependencies) = postProject
		{BC74E8E2-0A73-461F-90CC-274736BC010E} = {BC74E8E2-0A73-461F-90CC-274736BC010E}
	EndProjectSection
EndProject
Project("{FAE04EC0-301F-11D3-BF4B-00C04F79EFBC}") = "SpotifyWebAPI.MVCTest", "SpotifyWebAPI.MVCTest\SpotifyWebAPI.MVCTest.csproj", "{C349F548-5617-4D27-A632-09B83E33EE5F}"
EndProject
Project("{FAE04EC0-301F-11D3-BF4B-00C04F79EFBC}") = "SpotifyWebAPI", "SpotifyWebAPI\SpotifyWebAPI.csproj", "{BC74E8E2-0A73-461F-90CC-274736BC010E}"
EndProject
Project("{FAE04EC0-301F-11D3-BF4B-00C04F79EFBC}") = "SpotifyWebAPI.MVC", "SpotifyWebAPI.MVC\SpotifyWebAPI.MVC.csproj", "{07255916-BD5E-4B28-A7E1-8728D9929A71}"
EndProject
Global
	GlobalSection(TeamFoundationVersionControl) = preSolution
		SccNumberOfProjects = 5
		SccEnterpriseProvider = {4CA58AB2-18FA-4F8D-95D4-32DDF27D184C}
		SccTeamFoundationServer = https://ferenckakas.visualstudio.com/defaultcollection
		SccLocalPath0 = .
		SccProjectUniqueName1 = SpotifyWebAPI.MVCTest\\SpotifyWebAPI.MVCTest.csproj
		SccProjectName1 = SpotifyWebAPI.MVCTest
		SccLocalPath1 = SpotifyWebAPI.MVCTest
		SccProjectUniqueName2 = SpotifyWebAPI.WebFormTest\\SpotifyWebAPI.WebFormTest.csproj
		SccProjectName2 = SpotifyWebAPI.WebFormTest
		SccLocalPath2 = SpotifyWebAPI.WebFormTest
		SccProjectUniqueName3 = SpotifyWebAPI\\SpotifyWebAPI.csproj
		SccProjectName3 = SpotifyWebAPI
		SccLocalPath3 = SpotifyWebAPI
		SccProjectUniqueName4 = SpotifyWebAPI.MVC\\SpotifyWebAPI.MVC.csproj
		SccProjectName4 = SpotifyWebAPI.MVC
		SccLocalPath4 = SpotifyWebAPI.MVC
	EndGlobalSection
	GlobalSection(SolutionConfigurationPlatforms) = preSolution
		Debug|Any CPU = Debug|Any CPU
		Debug|ARM = Debug|ARM
		Debug|x64 = Debug|x64
		Debug|x86 = Debug|x86
		Release|Any CPU = Release|Any CPU
		Release|ARM = Release|ARM
		Release|x64 = Release|x64
		Release|x86 = Release|x86
	EndGlobalSection
	GlobalSection(ProjectConfigurationPlatforms) = postSolution
		{5320BA6A-90AE-4B4B-8315-31AB5B0E5DF9}.Debug|Any CPU.ActiveCfg = Debug|Any CPU
		{5320BA6A-90AE-4B4B-8315-31AB5B0E5DF9}.Debug|Any CPU.Build.0 = Debug|Any CPU
		{5320BA6A-90AE-4B4B-8315-31AB5B0E5DF9}.Debug|ARM.ActiveCfg = Debug|Any CPU
		{5320BA6A-90AE-4B4B-8315-31AB5B0E5DF9}.Debug|ARM.Build.0 = Debug|Any CPU
		{5320BA6A-90AE-4B4B-8315-31AB5B0E5DF9}.Debug|x64.ActiveCfg = Debug|Any CPU
		{5320BA6A-90AE-4B4B-8315-31AB5B0E5DF9}.Debug|x64.Build.0 = Debug|Any CPU
		{5320BA6A-90AE-4B4B-8315-31AB5B0E5DF9}.Debug|x86.ActiveCfg = Debug|Any CPU
		{5320BA6A-90AE-4B4B-8315-31AB5B0E5DF9}.Debug|x86.Build.0 = Debug|Any CPU
		{5320BA6A-90AE-4B4B-8315-31AB5B0E5DF9}.Release|Any CPU.ActiveCfg = Release|Any CPU
		{5320BA6A-90AE-4B4B-8315-31AB5B0E5DF9}.Release|Any CPU.Build.0 = Release|Any CPU
		{5320BA6A-90AE-4B4B-8315-31AB5B0E5DF9}.Release|ARM.ActiveCfg = Release|Any CPU
		{5320BA6A-90AE-4B4B-8315-31AB5B0E5DF9}.Release|ARM.Build.0 = Release|Any CPU
		{5320BA6A-90AE-4B4B-8315-31AB5B0E5DF9}.Release|x64.ActiveCfg = Release|Any CPU
		{5320BA6A-90AE-4B4B-8315-31AB5B0E5DF9}.Release|x64.Build.0 = Release|Any CPU
		{5320BA6A-90AE-4B4B-8315-31AB5B0E5DF9}.Release|x86.ActiveCfg = Release|Any CPU
		{5320BA6A-90AE-4B4B-8315-31AB5B0E5DF9}.Release|x86.Build.0 = Release|Any CPU
		{C349F548-5617-4D27-A632-09B83E33EE5F}.Debug|Any CPU.ActiveCfg = Debug|Any CPU
		{C349F548-5617-4D27-A632-09B83E33EE5F}.Debug|Any CPU.Build.0 = Debug|Any CPU
		{C349F548-5617-4D27-A632-09B83E33EE5F}.Debug|ARM.ActiveCfg = Debug|Any CPU
		{C349F548-5617-4D27-A632-09B83E33EE5F}.Debug|ARM.Build.0 = Debug|Any CPU
		{C349F548-5617-4D27-A632-09B83E33EE5F}.Debug|x64.ActiveCfg = Debug|Any CPU
		{C349F548-5617-4D27-A632-09B83E33EE5F}.Debug|x64.Build.0 = Debug|Any CPU
		{C349F548-5617-4D27-A632-09B83E33EE5F}.Debug|x86.ActiveCfg = Debug|Any CPU
		{C349F548-5617-4D27-A632-09B83E33EE5F}.Debug|x86.Build.0 = Debug|Any CPU
		{C349F548-5617-4D27-A632-09B83E33EE5F}.Release|Any CPU.ActiveCfg = Release|Any CPU
		{C349F548-5617-4D27-A632-09B83E33EE5F}.Release|Any CPU.Build.0 = Release|Any CPU
		{C349F548-5617-4D27-A632-09B83E33EE5F}.Release|ARM.ActiveCfg = Release|Any CPU
		{C349F548-5617-4D27-A632-09B83E33EE5F}.Release|ARM.Build.0 = Release|Any CPU
		{C349F548-5617-4D27-A632-09B83E33EE5F}.Release|x64.ActiveCfg = Release|Any CPU
		{C349F548-5617-4D27-A632-09B83E33EE5F}.Release|x64.Build.0 = Release|Any CPU
		{C349F548-5617-4D27-A632-09B83E33EE5F}.Release|x86.ActiveCfg = Release|Any CPU
		{C349F548-5617-4D27-A632-09B83E33EE5F}.Release|x86.Build.0 = Release|Any CPU
		{BC74E8E2-0A73-461F-90CC-274736BC010E}.Debug|Any CPU.ActiveCfg = Debug|Any CPU
		{BC74E8E2-0A73-461F-90CC-274736BC010E}.Debug|Any CPU.Build.0 = Debug|Any CPU
		{BC74E8E2-0A73-461F-90CC-274736BC010E}.Debug|ARM.ActiveCfg = Debug|Any CPU
		{BC74E8E2-0A73-461F-90CC-274736BC010E}.Debug|x64.ActiveCfg = Debug|Any CPU
		{BC74E8E2-0A73-461F-90CC-274736BC010E}.Debug|x86.ActiveCfg = Debug|Any CPU
		{BC74E8E2-0A73-461F-90CC-274736BC010E}.Release|Any CPU.ActiveCfg = Release|Any CPU
		{BC74E8E2-0A73-461F-90CC-274736BC010E}.Release|Any CPU.Build.0 = Release|Any CPU
		{BC74E8E2-0A73-461F-90CC-274736BC010E}.Release|ARM.ActiveCfg = Release|Any CPU
		{BC74E8E2-0A73-461F-90CC-274736BC010E}.Release|x64.ActiveCfg = Release|Any CPU
		{BC74E8E2-0A73-461F-90CC-274736BC010E}.Release|x86.ActiveCfg = Release|Any CPU
		{07255916-BD5E-4B28-A7E1-8728D9929A71}.Debug|Any CPU.ActiveCfg = Debug|Any CPU
		{07255916-BD5E-4B28-A7E1-8728D9929A71}.Debug|Any CPU.Build.0 = Debug|Any CPU
		{07255916-BD5E-4B28-A7E1-8728D9929A71}.Debug|ARM.ActiveCfg = Debug|Any CPU
		{07255916-BD5E-4B28-A7E1-8728D9929A71}.Debug|x64.ActiveCfg = Debug|Any CPU
		{07255916-BD5E-4B28-A7E1-8728D9929A71}.Debug|x86.ActiveCfg = Debug|Any CPU
		{07255916-BD5E-4B28-A7E1-8728D9929A71}.Release|Any CPU.ActiveCfg = Release|Any CPU
		{07255916-BD5E-4B28-A7E1-8728D9929A71}.Release|Any CPU.Build.0 = Release|Any CPU
		{07255916-BD5E-4B28-A7E1-8728D9929A71}.Release|ARM.ActiveCfg = Release|Any CPU
		{07255916-BD5E-4B28-A7E1-8728D9929A71}.Release|x64.ActiveCfg = Release|Any CPU
		{07255916-BD5E-4B28-A7E1-8728D9929A71}.Release|x86.ActiveCfg = Release|Any CPU
	EndGlobalSection
	GlobalSection(SolutionProperties) = preSolution
		HideSolutionNode = FALSE
	EndGlobalSection
EndGlobal
